
Microsoft Visual Studio Solution File, Format Version 12.00
Project("{FAE04EC0-301F-11D3-BF4B-00C04F79EFBC}") = "1. Data Types", "1. Data Types\1. Data Types.csproj", "{D02C0F0C-56D6-4B3A-A90B-B6F497B89F20}"
EndProject
Project("{FAE04EC0-301F-11D3-BF4B-00C04F79EFBC}") = "2. Variables", "2. Variables\2. Variables.csproj", "{AC7F2A68-4038-4D3E-9D15-2A03250EEDF0}"
EndProject
Project("{FAE04EC0-301F-11D3-BF4B-00C04F79EFBC}") = "3. Collections", "3. Collections\3. Collections.csproj", "{E8613A8C-5C8F-4F14-992A-A16731A864E3}"
EndProject
Project("{FAE04EC0-301F-11D3-BF4B-00C04F79EFBC}") = "4. Operators", "4. Operators\4. Operators.csproj", "{767A3FEE-B0EB-4CF0-BED1-53A74CDEB6EE}"
EndProject
Project("{FAE04EC0-301F-11D3-BF4B-00C04F79EFBC}") = "5. Control Flow", "5. Control Flow\5. Control Flow.csproj", "{FCD953ED-2275-457D-A3D8-83B490C27313}"
EndProject
Project("{FAE04EC0-301F-11D3-BF4B-00C04F79EFBC}") = "6. Classes and Methods", "6. Classes and Methods\6. Classes and Methods.csproj", "{32343C7B-AB52-4DCA-9330-DB7AA69ACAA1}"
EndProject
Project("{FAE04EC0-301F-11D3-BF4B-00C04F79EFBC}") = "7. Error Handling", "7. Error Handling\7. Error Handling.csproj", "{51668C31-EF19-43BC-BEB3-56BFCB567513}"
EndProject
Project("{FAE04EC0-301F-11D3-BF4B-00C04F79EFBC}") = "8. Generic Types", "8. Generic Types\8. Generic Types.csproj", "{B15D0766-959B-4590-8649-2BE1855D3CB2}"
EndProject
Project("{FAE04EC0-301F-11D3-BF4B-00C04F79EFBC}") = "9. Concurrency", "9. Concurrency\9. Concurrency.csproj", "{03C3719D-C9EA-460A-B34E-5F285868C857}"
EndProject
Project("{FAE04EC0-301F-11D3-BF4B-00C04F79EFBC}") = "10. LINQ", "10. LINQ\10. LINQ.csproj", "{386BD566-8D37-40CC-88B2-957D59703BBD}"
EndProject
Project("{FAE04EC0-301F-11D3-BF4B-00C04F79EFBC}") = "11. Platform Invoke", "11. Platform Invoke\11. Platform Invoke.csproj", "{B494DB6E-7740-4126-895C-0A6E8F17FEB5}"
EndProject
Project("{FAE04EC0-301F-11D3-BF4B-00C04F79EFBC}") = "12. NuGet", "12. NuGet\12. NuGet.csproj", "{CE6CDF2B-11BF-41DC-91DE-6844B9186527}"
EndProject
Project("{FAE04EC0-301F-11D3-BF4B-00C04F79EFBC}") = "13. Capstone Project", "13. Capstone Project\13. Capstone Project.csproj", "{9EDB8212-B559-4013-8306-01FA5FE32237}"
EndProject
Global
	GlobalSection(SolutionConfigurationPlatforms) = preSolution
		Debug|Any CPU = Debug|Any CPU
		Release|Any CPU = Release|Any CPU
	EndGlobalSection
	GlobalSection(ProjectConfigurationPlatforms) = postSolution
		{D02C0F0C-56D6-4B3A-A90B-B6F497B89F20}.Debug|Any CPU.ActiveCfg = Debug|Any CPU
		{D02C0F0C-56D6-4B3A-A90B-B6F497B89F20}.Debug|Any CPU.Build.0 = Debug|Any CPU
		{D02C0F0C-56D6-4B3A-A90B-B6F497B89F20}.Release|Any CPU.ActiveCfg = Release|Any CPU
		{D02C0F0C-56D6-4B3A-A90B-B6F497B89F20}.Release|Any CPU.Build.0 = Release|Any CPU
		{AC7F2A68-4038-4D3E-9D15-2A03250EEDF0}.Debug|Any CPU.ActiveCfg = Debug|Any CPU
		{AC7F2A68-4038-4D3E-9D15-2A03250EEDF0}.Debug|Any CPU.Build.0 = Debug|Any CPU
		{AC7F2A68-4038-4D3E-9D15-2A03250EEDF0}.Release|Any CPU.ActiveCfg = Release|Any CPU
		{AC7F2A68-4038-4D3E-9D15-2A03250EEDF0}.Release|Any CPU.Build.0 = Release|Any CPU
		{E8613A8C-5C8F-4F14-992A-A16731A864E3}.Debug|Any CPU.ActiveCfg = Debug|Any CPU
		{E8613A8C-5C8F-4F14-992A-A16731A864E3}.Debug|Any CPU.Build.0 = Debug|Any CPU
		{E8613A8C-5C8F-4F14-992A-A16731A864E3}.Release|Any CPU.ActiveCfg = Release|Any CPU
		{E8613A8C-5C8F-4F14-992A-A16731A864E3}.Release|Any CPU.Build.0 = Release|Any CPU
		{767A3FEE-B0EB-4CF0-BED1-53A74CDEB6EE}.Debug|Any CPU.ActiveCfg = Debug|Any CPU
		{767A3FEE-B0EB-4CF0-BED1-53A74CDEB6EE}.Debug|Any CPU.Build.0 = Debug|Any CPU
		{767A3FEE-B0EB-4CF0-BED1-53A74CDEB6EE}.Release|Any CPU.ActiveCfg = Release|Any CPU
		{767A3FEE-B0EB-4CF0-BED1-53A74CDEB6EE}.Release|Any CPU.Build.0 = Release|Any CPU
		{FCD953ED-2275-457D-A3D8-83B490C27313}.Debug|Any CPU.ActiveCfg = Debug|Any CPU
		{FCD953ED-2275-457D-A3D8-83B490C27313}.Debug|Any CPU.Build.0 = Debug|Any CPU
		{FCD953ED-2275-457D-A3D8-83B490C27313}.Release|Any CPU.ActiveCfg = Release|Any CPU
		{FCD953ED-2275-457D-A3D8-83B490C27313}.Release|Any CPU.Build.0 = Release|Any CPU
		{32343C7B-AB52-4DCA-9330-DB7AA69ACAA1}.Debug|Any CPU.ActiveCfg = Debug|Any CPU
		{32343C7B-AB52-4DCA-9330-DB7AA69ACAA1}.Debug|Any CPU.Build.0 = Debug|Any CPU
		{32343C7B-AB52-4DCA-9330-DB7AA69ACAA1}.Release|Any CPU.ActiveCfg = Release|Any CPU
		{32343C7B-AB52-4DCA-9330-DB7AA69ACAA1}.Release|Any CPU.Build.0 = Release|Any CPU
		{51668C31-EF19-43BC-BEB3-56BFCB567513}.Debug|Any CPU.ActiveCfg = Debug|Any CPU
		{51668C31-EF19-43BC-BEB3-56BFCB567513}.Debug|Any CPU.Build.0 = Debug|Any CPU
		{51668C31-EF19-43BC-BEB3-56BFCB567513}.Release|Any CPU.ActiveCfg = Release|Any CPU
		{51668C31-EF19-43BC-BEB3-56BFCB567513}.Release|Any CPU.Build.0 = Release|Any CPU
		{B15D0766-959B-4590-8649-2BE1855D3CB2}.Debug|Any CPU.ActiveCfg = Debug|Any CPU
		{B15D0766-959B-4590-8649-2BE1855D3CB2}.Debug|Any CPU.Build.0 = Debug|Any CPU
		{B15D0766-959B-4590-8649-2BE1855D3CB2}.Release|Any CPU.ActiveCfg = Release|Any CPU
		{B15D0766-959B-4590-8649-2BE1855D3CB2}.Release|Any CPU.Build.0 = Release|Any CPU
		{03C3719D-C9EA-460A-B34E-5F285868C857}.Debug|Any CPU.ActiveCfg = Debug|Any CPU
		{03C3719D-C9EA-460A-B34E-5F285868C857}.Debug|Any CPU.Build.0 = Debug|Any CPU
		{03C3719D-C9EA-460A-B34E-5F285868C857}.Release|Any CPU.ActiveCfg = Release|Any CPU
		{03C3719D-C9EA-460A-B34E-5F285868C857}.Release|Any CPU.Build.0 = Release|Any CPU
		{386BD566-8D37-40CC-88B2-957D59703BBD}.Debug|Any CPU.ActiveCfg = Debug|Any CPU
		{386BD566-8D37-40CC-88B2-957D59703BBD}.Debug|Any CPU.Build.0 = Debug|Any CPU
		{386BD566-8D37-40CC-88B2-957D59703BBD}.Release|Any CPU.ActiveCfg = Release|Any CPU
		{386BD566-8D37-40CC-88B2-957D59703BBD}.Release|Any CPU.Build.0 = Release|Any CPU
		{B494DB6E-7740-4126-895C-0A6E8F17FEB5}.Debug|Any CPU.ActiveCfg = Debug|Any CPU
		{B494DB6E-7740-4126-895C-0A6E8F17FEB5}.Debug|Any CPU.Build.0 = Debug|Any CPU
		{B494DB6E-7740-4126-895C-0A6E8F17FEB5}.Release|Any CPU.ActiveCfg = Release|Any CPU
		{B494DB6E-7740-4126-895C-0A6E8F17FEB5}.Release|Any CPU.Build.0 = Release|Any CPU
		{CE6CDF2B-11BF-41DC-91DE-6844B9186527}.Debug|Any CPU.ActiveCfg = Debug|Any CPU
		{CE6CDF2B-11BF-41DC-91DE-6844B9186527}.Debug|Any CPU.Build.0 = Debug|Any CPU
		{CE6CDF2B-11BF-41DC-91DE-6844B9186527}.Release|Any CPU.ActiveCfg = Release|Any CPU
		{CE6CDF2B-11BF-41DC-91DE-6844B9186527}.Release|Any CPU.Build.0 = Release|Any CPU
		{9EDB8212-B559-4013-8306-01FA5FE32237}.Debug|Any CPU.ActiveCfg = Debug|Any CPU
		{9EDB8212-B559-4013-8306-01FA5FE32237}.Debug|Any CPU.Build.0 = Debug|Any CPU
		{9EDB8212-B559-4013-8306-01FA5FE32237}.Release|Any CPU.ActiveCfg = Release|Any CPU
		{9EDB8212-B559-4013-8306-01FA5FE32237}.Release|Any CPU.Build.0 = Release|Any CPU
	EndGlobalSection
EndGlobal
